
Microsoft Visual Studio Solution File, Format Version 12.00
# Visual Studio 2017
Project("{FAE04EC0-301F-11D3-BF4B-00C04F79EFBC}") = "EmojiText_T", "EmojiText_T.csproj", "{F6E4327F-D630-E853-516E-F99A09D0590D}"
EndProject
Project("{FAE04EC0-301F-11D3-BF4B-00C04F79EFBC}") = "EmojiText_T.Editor", "EmojiText_T.Editor.csproj", "{C3E72BB2-74AE-7E06-12A3-953662518F4F}"
EndProject
Global
	GlobalSection(SolutionConfigurationPlatforms) = preSolution
		Debug|Any CPU = Debug|Any CPU
		Release|Any CPU = Release|Any CPU
	EndGlobalSection
	GlobalSection(ProjectConfigurationPlatforms) = postSolution
		{F6E4327F-D630-E853-516E-F99A09D0590D}.Debug|Any CPU.ActiveCfg = Debug|Any CPU
		{F6E4327F-D630-E853-516E-F99A09D0590D}.Debug|Any CPU.Build.0 = Debug|Any CPU
		{F6E4327F-D630-E853-516E-F99A09D0590D}.Release|Any CPU.ActiveCfg = Release|Any CPU
		{F6E4327F-D630-E853-516E-F99A09D0590D}.Release|Any CPU.Build.0 = Release|Any CPU
		{C3E72BB2-74AE-7E06-12A3-953662518F4F}.Debug|Any CPU.ActiveCfg = Debug|Any CPU
		{C3E72BB2-74AE-7E06-12A3-953662518F4F}.Debug|Any CPU.Build.0 = Debug|Any CPU
		{C3E72BB2-74AE-7E06-12A3-953662518F4F}.Release|Any CPU.ActiveCfg = Release|Any CPU
		{C3E72BB2-74AE-7E06-12A3-953662518F4F}.Release|Any CPU.Build.0 = Release|Any CPU
	EndGlobalSection
	GlobalSection(SolutionProperties) = preSolution
		HideSolutionNode = FALSE
	EndGlobalSection
EndGlobal
